
Microsoft Visual Studio Solution File, Format Version 12.00
# Visual Studio Version 17
VisualStudioVersion = 17.6.33829.357
MinimumVisualStudioVersion = 10.0.40219.1
Project("{FAE04EC0-301F-11D3-BF4B-00C04F79EFBC}") = "SimpleFactory", "SimpleFactory\SimpleFactory.csproj", "{C81A22E6-1A45-431D-9EC4-5612FA1B5E06}"
EndProject
Project("{FAE04EC0-301F-11D3-BF4B-00C04F79EFBC}") = "MachineHelper", "MachineHelper\MachineHelper.csproj", "{5FC89C4E-EA9A-42E5-97AB-8C663BD8510C}"
EndProject
Project("{FAE04EC0-301F-11D3-BF4B-00C04F79EFBC}") = "MachineFactoryHelper", "MachineFactoryHelper\MachineFactoryHelper.csproj", "{164737F6-5C26-465D-A2A0-084EBC34F078}"
EndProject
Project("{FAE04EC0-301F-11D3-BF4B-00C04F79EFBC}") = "FactoryDesignPattern", "FactoryDesignPattern\FactoryDesignPattern.csproj", "{6C9F9033-E0DA-4DA1-A55D-DE66E18CD434}"
EndProject
Project("{FAE04EC0-301F-11D3-BF4B-00C04F79EFBC}") = "AbstractFactory", "AbstractFactory\AbstractFactory.csproj", "{A9D8B6DC-08F8-43E5-8481-BAE6016A4B95}"
EndProject
Global
	GlobalSection(SolutionConfigurationPlatforms) = preSolution
		Debug|Any CPU = Debug|Any CPU
		Release|Any CPU = Release|Any CPU
	EndGlobalSection
	GlobalSection(ProjectConfigurationPlatforms) = postSolution
		{C81A22E6-1A45-431D-9EC4-5612FA1B5E06}.Debug|Any CPU.ActiveCfg = Debug|Any CPU
		{C81A22E6-1A45-431D-9EC4-5612FA1B5E06}.Debug|Any CPU.Build.0 = Debug|Any CPU
		{C81A22E6-1A45-431D-9EC4-5612FA1B5E06}.Release|Any CPU.ActiveCfg = Release|Any CPU
		{C81A22E6-1A45-431D-9EC4-5612FA1B5E06}.Release|Any CPU.Build.0 = Release|Any CPU
		{5FC89C4E-EA9A-42E5-97AB-8C663BD8510C}.Debug|Any CPU.ActiveCfg = Debug|Any CPU
		{5FC89C4E-EA9A-42E5-97AB-8C663BD8510C}.Debug|Any CPU.Build.0 = Debug|Any CPU
		{5FC89C4E-EA9A-42E5-97AB-8C663BD8510C}.Release|Any CPU.ActiveCfg = Release|Any CPU
		{5FC89C4E-EA9A-42E5-97AB-8C663BD8510C}.Release|Any CPU.Build.0 = Release|Any CPU
		{164737F6-5C26-465D-A2A0-084EBC34F078}.Debug|Any CPU.ActiveCfg = Debug|Any CPU
		{164737F6-5C26-465D-A2A0-084EBC34F078}.Debug|Any CPU.Build.0 = Debug|Any CPU
		{164737F6-5C26-465D-A2A0-084EBC34F078}.Release|Any CPU.ActiveCfg = Release|Any CPU
		{164737F6-5C26-465D-A2A0-084EBC34F078}.Release|Any CPU.Build.0 = Release|Any CPU
		{6C9F9033-E0DA-4DA1-A55D-DE66E18CD434}.Debug|Any CPU.ActiveCfg = Debug|Any CPU
		{6C9F9033-E0DA-4DA1-A55D-DE66E18CD434}.Debug|Any CPU.Build.0 = Debug|Any CPU
		{6C9F9033-E0DA-4DA1-A55D-DE66E18CD434}.Release|Any CPU.ActiveCfg = Release|Any CPU
		{6C9F9033-E0DA-4DA1-A55D-DE66E18CD434}.Release|Any CPU.Build.0 = Release|Any CPU
		{A9D8B6DC-08F8-43E5-8481-BAE6016A4B95}.Debug|Any CPU.ActiveCfg = Debug|Any CPU
		{A9D8B6DC-08F8-43E5-8481-BAE6016A4B95}.Debug|Any CPU.Build.0 = Debug|Any CPU
		{A9D8B6DC-08F8-43E5-8481-BAE6016A4B95}.Release|Any CPU.ActiveCfg = Release|Any CPU
		{A9D8B6DC-08F8-43E5-8481-BAE6016A4B95}.Release|Any CPU.Build.0 = Release|Any CPU
	EndGlobalSection
	GlobalSection(SolutionProperties) = preSolution
		HideSolutionNode = FALSE
	EndGlobalSection
	GlobalSection(ExtensibilityGlobals) = postSolution
		SolutionGuid = {A59BCB89-7AD5-4676-8BFD-B04CA82A6CC6}
	EndGlobalSection
EndGlobal
