
Microsoft Visual Studio Solution File, Format Version 12.00
# Visual Studio Version 17
VisualStudioVersion = 17.6.33829.357
MinimumVisualStudioVersion = 10.0.40219.1
Project("{9A19103F-16F7-4668-BE54-9A1E7A4F7556}") = "SimpleFactory", "SimpleFactory\SimpleFactory.csproj", "{C81A22E6-1A45-431D-9EC4-5612FA1B5E06}"
EndProject
Project("{9A19103F-16F7-4668-BE54-9A1E7A4F7556}") = "MachineHelper", "MachineHelper\MachineHelper.csproj", "{5FC89C4E-EA9A-42E5-97AB-8C663BD8510C}"
EndProject
Project("{9A19103F-16F7-4668-BE54-9A1E7A4F7556}") = "MachineFactoryHelper", "MachineFactoryHelper\MachineFactoryHelper.csproj", "{164737F6-5C26-465D-A2A0-084EBC34F078}"
EndProject
Project("{9A19103F-16F7-4668-BE54-9A1E7A4F7556}") = "FactoryDesignPattern", "FactoryDesignPattern\FactoryDesignPattern.csproj", "{6C9F9033-E0DA-4DA1-A55D-DE66E18CD434}"
EndProject
Project("{9A19103F-16F7-4668-BE54-9A1E7A4F7556}") = "AbstractFactory", "AbstractFactory\AbstractFactory.csproj", "{A9D8B6DC-08F8-43E5-8481-BAE6016A4B95}"
EndProject
Project("{9A19103F-16F7-4668-BE54-9A1E7A4F7556}") = "AdapterPattern", "AdapterPattern\AdapterPattern.csproj", "{52DF5975-0FB8-4C14-A776-B5E0F426A4F6}"
EndProject
Project("{9A19103F-16F7-4668-BE54-9A1E7A4F7556}") = "DecoratorPatternWrong", "DecoratorPattern\DecoratorPatternWrong.csproj", "{FE326177-4EC5-4CB5-A732-857E70E8AEF4}"
EndProject
Project("{9A19103F-16F7-4668-BE54-9A1E7A4F7556}") = "DecoratorOk", "DecoratorOk\DecoratorOk.csproj", "{F9F066B0-602D-411D-AEC0-158E4B94D590}"
EndProject
Project("{9A19103F-16F7-4668-BE54-9A1E7A4F7556}") = "FacadeWrong", "Facade\FacadeWrong.csproj", "{0FA88765-FBF9-4F61-9607-CA30B1974701}"
EndProject
Project("{9A19103F-16F7-4668-BE54-9A1E7A4F7556}") = "Facade", "Facade\Facade.csproj", "{F9DD87EF-A099-4649-9181-92017CDCDDE7}"
EndProject
Project("{9A19103F-16F7-4668-BE54-9A1E7A4F7556}") = "BuilderOk", "BuilderOk\BuilderOk.csproj", "{E3B352DB-02D4-45E4-8D80-0E6C1A12398A}"
EndProject
Project("{9A19103F-16F7-4668-BE54-9A1E7A4F7556}") = "CommandOk", "CommandOk\CommandOk.csproj", "{BC9DB4AA-7863-44CD-8D74-04D41AA23ADD}"
EndProject
Project("{9A19103F-16F7-4668-BE54-9A1E7A4F7556}") = "ChainOfResponsabilityOk", "ChainOfResponsabilityOk\ChainOfResponsabilityOk.csproj", "{21916D63-BCEF-42E9-B95F-2AA7D70D8BC3}"
EndProject
Project("{FAE04EC0-301F-11D3-BF4B-00C04F79EFBC}") = "BridgeWrong", "BridgeWrong\BridgeWrong.csproj", "{AE7593BF-F99A-4D17-984D-8D74E82A7BDD}"
EndProject
Project("{FAE04EC0-301F-11D3-BF4B-00C04F79EFBC}") = "BridgeOk", "BridgeOk\BridgeOk.csproj", "{3AAAE590-CC3F-406E-9C39-25C3E43FA2F2}"
EndProject
Global
	GlobalSection(SolutionConfigurationPlatforms) = preSolution
		Debug|Any CPU = Debug|Any CPU
		Release|Any CPU = Release|Any CPU
	EndGlobalSection
	GlobalSection(ProjectConfigurationPlatforms) = postSolution
		{C81A22E6-1A45-431D-9EC4-5612FA1B5E06}.Debug|Any CPU.ActiveCfg = Debug|Any CPU
		{C81A22E6-1A45-431D-9EC4-5612FA1B5E06}.Debug|Any CPU.Build.0 = Debug|Any CPU
		{C81A22E6-1A45-431D-9EC4-5612FA1B5E06}.Release|Any CPU.ActiveCfg = Release|Any CPU
		{C81A22E6-1A45-431D-9EC4-5612FA1B5E06}.Release|Any CPU.Build.0 = Release|Any CPU
		{5FC89C4E-EA9A-42E5-97AB-8C663BD8510C}.Debug|Any CPU.ActiveCfg = Debug|Any CPU
		{5FC89C4E-EA9A-42E5-97AB-8C663BD8510C}.Debug|Any CPU.Build.0 = Debug|Any CPU
		{5FC89C4E-EA9A-42E5-97AB-8C663BD8510C}.Release|Any CPU.ActiveCfg = Release|Any CPU
		{5FC89C4E-EA9A-42E5-97AB-8C663BD8510C}.Release|Any CPU.Build.0 = Release|Any CPU
		{164737F6-5C26-465D-A2A0-084EBC34F078}.Debug|Any CPU.ActiveCfg = Debug|Any CPU
		{164737F6-5C26-465D-A2A0-084EBC34F078}.Debug|Any CPU.Build.0 = Debug|Any CPU
		{164737F6-5C26-465D-A2A0-084EBC34F078}.Release|Any CPU.ActiveCfg = Release|Any CPU
		{164737F6-5C26-465D-A2A0-084EBC34F078}.Release|Any CPU.Build.0 = Release|Any CPU
		{6C9F9033-E0DA-4DA1-A55D-DE66E18CD434}.Debug|Any CPU.ActiveCfg = Debug|Any CPU
		{6C9F9033-E0DA-4DA1-A55D-DE66E18CD434}.Debug|Any CPU.Build.0 = Debug|Any CPU
		{6C9F9033-E0DA-4DA1-A55D-DE66E18CD434}.Release|Any CPU.ActiveCfg = Release|Any CPU
		{6C9F9033-E0DA-4DA1-A55D-DE66E18CD434}.Release|Any CPU.Build.0 = Release|Any CPU
		{A9D8B6DC-08F8-43E5-8481-BAE6016A4B95}.Debug|Any CPU.ActiveCfg = Debug|Any CPU
		{A9D8B6DC-08F8-43E5-8481-BAE6016A4B95}.Debug|Any CPU.Build.0 = Debug|Any CPU
		{A9D8B6DC-08F8-43E5-8481-BAE6016A4B95}.Release|Any CPU.ActiveCfg = Release|Any CPU
		{A9D8B6DC-08F8-43E5-8481-BAE6016A4B95}.Release|Any CPU.Build.0 = Release|Any CPU
		{52DF5975-0FB8-4C14-A776-B5E0F426A4F6}.Debug|Any CPU.ActiveCfg = Debug|Any CPU
		{52DF5975-0FB8-4C14-A776-B5E0F426A4F6}.Debug|Any CPU.Build.0 = Debug|Any CPU
		{52DF5975-0FB8-4C14-A776-B5E0F426A4F6}.Release|Any CPU.ActiveCfg = Release|Any CPU
		{52DF5975-0FB8-4C14-A776-B5E0F426A4F6}.Release|Any CPU.Build.0 = Release|Any CPU
		{FE326177-4EC5-4CB5-A732-857E70E8AEF4}.Debug|Any CPU.ActiveCfg = Debug|Any CPU
		{FE326177-4EC5-4CB5-A732-857E70E8AEF4}.Debug|Any CPU.Build.0 = Debug|Any CPU
		{FE326177-4EC5-4CB5-A732-857E70E8AEF4}.Release|Any CPU.ActiveCfg = Release|Any CPU
		{FE326177-4EC5-4CB5-A732-857E70E8AEF4}.Release|Any CPU.Build.0 = Release|Any CPU
		{F9F066B0-602D-411D-AEC0-158E4B94D590}.Debug|Any CPU.ActiveCfg = Debug|Any CPU
		{F9F066B0-602D-411D-AEC0-158E4B94D590}.Debug|Any CPU.Build.0 = Debug|Any CPU
		{F9F066B0-602D-411D-AEC0-158E4B94D590}.Release|Any CPU.ActiveCfg = Release|Any CPU
		{F9F066B0-602D-411D-AEC0-158E4B94D590}.Release|Any CPU.Build.0 = Release|Any CPU
		{0FA88765-FBF9-4F61-9607-CA30B1974701}.Debug|Any CPU.ActiveCfg = Debug|Any CPU
		{0FA88765-FBF9-4F61-9607-CA30B1974701}.Debug|Any CPU.Build.0 = Debug|Any CPU
		{0FA88765-FBF9-4F61-9607-CA30B1974701}.Release|Any CPU.ActiveCfg = Release|Any CPU
		{0FA88765-FBF9-4F61-9607-CA30B1974701}.Release|Any CPU.Build.0 = Release|Any CPU
		{F9DD87EF-A099-4649-9181-92017CDCDDE7}.Debug|Any CPU.ActiveCfg = Debug|Any CPU
		{F9DD87EF-A099-4649-9181-92017CDCDDE7}.Debug|Any CPU.Build.0 = Debug|Any CPU
		{F9DD87EF-A099-4649-9181-92017CDCDDE7}.Release|Any CPU.ActiveCfg = Release|Any CPU
		{F9DD87EF-A099-4649-9181-92017CDCDDE7}.Release|Any CPU.Build.0 = Release|Any CPU
		{E3B352DB-02D4-45E4-8D80-0E6C1A12398A}.Debug|Any CPU.ActiveCfg = Debug|Any CPU
		{E3B352DB-02D4-45E4-8D80-0E6C1A12398A}.Debug|Any CPU.Build.0 = Debug|Any CPU
		{E3B352DB-02D4-45E4-8D80-0E6C1A12398A}.Release|Any CPU.ActiveCfg = Release|Any CPU
		{E3B352DB-02D4-45E4-8D80-0E6C1A12398A}.Release|Any CPU.Build.0 = Release|Any CPU
		{BC9DB4AA-7863-44CD-8D74-04D41AA23ADD}.Debug|Any CPU.ActiveCfg = Debug|Any CPU
		{BC9DB4AA-7863-44CD-8D74-04D41AA23ADD}.Debug|Any CPU.Build.0 = Debug|Any CPU
		{BC9DB4AA-7863-44CD-8D74-04D41AA23ADD}.Release|Any CPU.ActiveCfg = Release|Any CPU
		{BC9DB4AA-7863-44CD-8D74-04D41AA23ADD}.Release|Any CPU.Build.0 = Release|Any CPU
		{21916D63-BCEF-42E9-B95F-2AA7D70D8BC3}.Debug|Any CPU.ActiveCfg = Debug|Any CPU
		{21916D63-BCEF-42E9-B95F-2AA7D70D8BC3}.Debug|Any CPU.Build.0 = Debug|Any CPU
		{21916D63-BCEF-42E9-B95F-2AA7D70D8BC3}.Release|Any CPU.ActiveCfg = Release|Any CPU
		{21916D63-BCEF-42E9-B95F-2AA7D70D8BC3}.Release|Any CPU.Build.0 = Release|Any CPU
		{AE7593BF-F99A-4D17-984D-8D74E82A7BDD}.Debug|Any CPU.ActiveCfg = Debug|Any CPU
		{AE7593BF-F99A-4D17-984D-8D74E82A7BDD}.Debug|Any CPU.Build.0 = Debug|Any CPU
		{AE7593BF-F99A-4D17-984D-8D74E82A7BDD}.Release|Any CPU.ActiveCfg = Release|Any CPU
		{AE7593BF-F99A-4D17-984D-8D74E82A7BDD}.Release|Any CPU.Build.0 = Release|Any CPU
		{3AAAE590-CC3F-406E-9C39-25C3E43FA2F2}.Debug|Any CPU.ActiveCfg = Debug|Any CPU
		{3AAAE590-CC3F-406E-9C39-25C3E43FA2F2}.Debug|Any CPU.Build.0 = Debug|Any CPU
		{3AAAE590-CC3F-406E-9C39-25C3E43FA2F2}.Release|Any CPU.ActiveCfg = Release|Any CPU
		{3AAAE590-CC3F-406E-9C39-25C3E43FA2F2}.Release|Any CPU.Build.0 = Release|Any CPU
	EndGlobalSection
	GlobalSection(SolutionProperties) = preSolution
		HideSolutionNode = FALSE
	EndGlobalSection
	GlobalSection(ExtensibilityGlobals) = postSolution
		SolutionGuid = {A59BCB89-7AD5-4676-8BFD-B04CA82A6CC6}
	EndGlobalSection
EndGlobal
